Microsoft Visual Studio Solution File, Format Version 12.00
# Visual Studio 2012
Project("{FAE04EC0-301F-11D3-BF4B-00C04F79EFBC}") = "RefereeEF", "RefereeEF.csproj", "{89B77813-66B2-4C6A-A2D1-881AC4F85943}"
EndProject
Global
	GlobalSection(SolutionConfigurationPlatforms) = preSolution
	Debug|Any CPU = Debug|Any CPU
	ExportDebug|Any CPU = ExportDebug|Any CPU
	ExportRelease|Any CPU = ExportRelease|Any CPU
	EndGlobalSection
	GlobalSection(ProjectConfigurationPlatforms) = postSolution
		{89B77813-66B2-4C6A-A2D1-881AC4F85943}.Debug|Any CPU.ActiveCfg = Debug|Any CPU
		{89B77813-66B2-4C6A-A2D1-881AC4F85943}.Debug|Any CPU.Build.0 = Debug|Any CPU
		{89B77813-66B2-4C6A-A2D1-881AC4F85943}.ExportDebug|Any CPU.ActiveCfg = ExportDebug|Any CPU
		{89B77813-66B2-4C6A-A2D1-881AC4F85943}.ExportDebug|Any CPU.Build.0 = ExportDebug|Any CPU
		{89B77813-66B2-4C6A-A2D1-881AC4F85943}.ExportRelease|Any CPU.ActiveCfg = ExportRelease|Any CPU
		{89B77813-66B2-4C6A-A2D1-881AC4F85943}.ExportRelease|Any CPU.Build.0 = ExportRelease|Any CPU
	EndGlobalSection
EndGlobal
